{
  "originHash" : "ed47cad79f28ec9de43356720101ecbb213743e7a60c4675db7e1a041846e923",
  "pins" : [
    {
      "identity" : "alerttoast?tab=readme-ov-file#swift-package-manager",
      "kind" : "remoteSourceControl",
      "location" : "https://github.com/elai950/AlertToast?tab=readme-ov-file#swift-package-manager",
      "state" : {
        "revision" : "b39252eacd159904afd7d718bba0afabb87f2f2f",
        "version" : "1.3.9"
      }
    }
  ],
  "version" : 3
}
